
Microsoft Visual Studio Solution File, Format Version 12.00
# Visual Studio Version 17
VisualStudioVersion = 17.0.32126.317
MinimumVisualStudioVersion = 10.0.40219.1
Project("{FAE04EC0-301F-11D3-BF4B-00C04F79EFBC}") = "Datify", "Datify\Datify.csproj", "{E53450A5-3762-4EF1-A9C5-244A148DB1C8}"
EndProject
Global
	GlobalSection(SolutionConfigurationPlatforms) = preSolution
		Debug|Any CPU = Debug|Any CPU
		Release|Any CPU = Release|Any CPU
	EndGlobalSection
	GlobalSection(ProjectConfigurationPlatforms) = postSolution
		{E53450A5-3762-4EF1-A9C5-244A148DB1C8}.Debug|Any CPU.ActiveCfg = Debug|Any CPU
		{E53450A5-3762-4EF1-A9C5-244A148DB1C8}.Debug|Any CPU.Build.0 = Debug|Any CPU
		{E53450A5-3762-4EF1-A9C5-244A148DB1C8}.Release|Any CPU.ActiveCfg = Release|Any CPU
		{E53450A5-3762-4EF1-A9C5-244A148DB1C8}.Release|Any CPU.Build.0 = Release|Any CPU
	EndGlobalSection
	GlobalSection(SolutionProperties) = preSolution
		HideSolutionNode = FALSE
	EndGlobalSection
	GlobalSection(ExtensibilityGlobals) = postSolution
		SolutionGuid = {1EEC08EC-FED3-4CED-9F3B-8C50EDF5B1CE}
	EndGlobalSection
EndGlobal
