
Microsoft Visual Studio Solution File, Format Version 10.00
# Visual Studio 2008
Project("{FAE04EC0-301F-11D3-BF4B-00C04F79EFBC}") = "Datify", "Datify\Datify.csproj", "{E53450A5-3762-4EF1-A9C5-244A148DB1C8}"
EndProject
Global
	GlobalSection(SolutionConfigurationPlatforms) = preSolution
		Debug|Any CPU = Debug|Any CPU
		Release|Any CPU = Release|Any CPU
	EndGlobalSection
	GlobalSection(ProjectConfigurationPlatforms) = postSolution
		{E53450A5-3762-4EF1-A9C5-244A148DB1C8}.Debug|Any CPU.ActiveCfg = Debug|Any CPU
		{E53450A5-3762-4EF1-A9C5-244A148DB1C8}.Debug|Any CPU.Build.0 = Debug|Any CPU
		{E53450A5-3762-4EF1-A9C5-244A148DB1C8}.Release|Any CPU.ActiveCfg = Release|Any CPU
		{E53450A5-3762-4EF1-A9C5-244A148DB1C8}.Release|Any CPU.Build.0 = Release|Any CPU
	EndGlobalSection
	GlobalSection(SolutionProperties) = preSolution
		HideSolutionNode = FALSE
	EndGlobalSection
EndGlobal
